// !$*UTF8*$!
{
	archiveVersion = 1;
	classes = {
	};
	objectVersion = 46;
	objects = {

/* Begin PBXBuildFile section */
		987720291B43CFEF00EAA0AA /* main.m in Sources */ = {isa = PBXBuildFile; fileRef = 987720281B43CFEF00EAA0AA /* main.m */; };
		9877202C1B43CFEF00EAA0AA /* AppDelegate.m in Sources */ = {isa = PBXBuildFile; fileRef = 9877202B1B43CFEF00EAA0AA /* AppDelegate.m */; };
		9877202E1B43CFEF00EAA0AA /* Images.xcassets in Resources */ = {isa = PBXBuildFile; fileRef = 9877202D1B43CFEF00EAA0AA /* Images.xcassets */; };
		987720311B43CFEF00EAA0AA /* LaunchScreen.xib in Resources */ = {isa = PBXBuildFile; fileRef = 9877202F1B43CFEF00EAA0AA /* LaunchScreen.xib */; };
		9877203D1B43CFEF00EAA0AA /* OptionColtrollerTests.m in Sources */ = {isa = PBXBuildFile; fileRef = 9877203C1B43CFEF00EAA0AA /* OptionColtrollerTests.m */; };
/* End PBXBuildFile section */

/* Begin PBXContainerItemProxy section */
		987720371B43CFEF00EAA0AA /* PBXContainerItemProxy */ = {
			isa = PBXContainerItemProxy;
			containerPortal = 9877201B1B43CFEF00EAA0AA /* Project object */;
			proxyType = 1;
			remoteGlobalIDString = 987720221B43CFEF00EAA0AA;
			remoteInfo = OptionColtroller;
		};
/* End PBXContainerItemProxy section */

/* Begin PBXFileReference section */
		987720231B43CFEF00EAA0AA /* OptionColtroller.app */ = {isa = PBXFileReference; explicitFileType = wrapper.application; includeInIndex = 0; path = OptionColtroller.app; sourceTree = BUILT_PRODUCTS_DIR; };
		987720271B43CFEF00EAA0AA /* Info.plist */ = {isa = PBXFileReference; lastKnownFileType = text.plist.xml; path = Info.plist; sourceTree = "<group>"; };
		987720281B43CFEF00EAA0AA /* main.m */ = {isa = PBXFileReference; lastKnownFileType = sourcecode.c.objc; path = main.m; sourceTree = "<group>"; };
		9877202A1B43CFEF00EAA0AA /* AppDelegate.h */ = {isa = PBXFileReference; lastKnownFileType = sourcecode.c.h; path = AppDelegate.h; sourceTree = "<group>"; };
		9877202B1B43CFEF00EAA0AA /* AppDelegate.m */ = {isa = PBXFileReference; lastKnownFileType = sourcecode.c.objc; path = AppDelegate.m; sourceTree = "<group>"; };
		9877202D1B43CFEF00EAA0AA /* Images.xcassets */ = {isa = PBXFileReference; lastKnownFileType = folder.assetcatalog; path = Images.xcassets; sourceTree = "<group>"; };
		987720301B43CFEF00EAA0AA /* Base */ = {isa = PBXFileReference; lastKnownFileType = file.xib; name = Base; path = Base.lproj/LaunchScreen.xib; sourceTree = "<group>"; };
		987720361B43CFEF00EAA0AA /* OptionColtrollerTests.xctest */ = {isa = PBXFileReference; explicitFileType = wrapper.cfbundle; includeInIndex = 0; path = OptionColtrollerTests.xctest; sourceTree = BUILT_PRODUCTS_DIR; };
		9877203B1B43CFEF00EAA0AA /* Info.plist */ = {isa = PBXFileReference; lastKnownFileType = text.plist.xml; path = Info.plist; sourceTree = "<group>"; };
		9877203C1B43CFEF00EAA0AA /* OptionColtrollerTests.m */ = {isa = PBXFileReference; lastKnownFileType = sourcecode.c.objc; path = OptionColtrollerTests.m; sourceTree = "<group>"; };
/* End PBXFileReference section */

/* Begin PBXFrameworksBuildPhase section */
		987720201B43CFEF00EAA0AA /* Frameworks */ = {
			isa = PBXFrameworksBuildPhase;
			buildActionMask = 2147483647;
			files = (
			);
			runOnlyForDeploymentPostprocessing = 0;
		};
		987720331B43CFEF00EAA0AA /* Frameworks */ = {
			isa = PBXFrameworksBuildPhase;
			buildActionMask = 2147483647;
			files = (
			);
			runOnlyForDeploymentPostprocessing = 0;
		};
/* End PBXFrameworksBuildPhase section */

/* Begin PBXGroup section */
		9877201A1B43CFEF00EAA0AA = {
			isa = PBXGroup;
			children = (
				987720251B43CFEF00EAA0AA /* OptionColtroller */,
				987720391B43CFEF00EAA0AA /* OptionColtrollerTests */,
				987720241B43CFEF00EAA0AA /* Products */,
			);
			sourceTree = "<group>";
		};
		987720241B43CFEF00EAA0AA /* Products */ = {
			isa = PBXGroup;
			children = (
				987720231B43CFEF00EAA0AA /* OptionColtroller.app */,
				987720361B43CFEF00EAA0AA /* OptionColtrollerTests.xctest */,
			);
			name = Products;
			sourceTree = "<group>";
		};
		987720251B43CFEF00EAA0AA /* OptionColtroller */ = {
			isa = PBXGroup;
			children = (
				9877202A1B43CFEF00EAA0AA /* AppDelegate.h */,
				9877202B1B43CFEF00EAA0AA /* AppDelegate.m */,
				9877202D1B43CFEF00EAA0AA /* Images.xcassets */,
				9877202F1B43CFEF00EAA0AA /* LaunchScreen.xib */,
				987720261B43CFEF00EAA0AA /* Supporting Files */,
			);
			path = OptionColtroller;
			sourceTree = "<group>";
		};
		987720261B43CFEF00EAA0AA /* Supporting Files */ = {
			isa = PBXGroup;
			children = (
				987720271B43CFEF00EAA0AA /* Info.plist */,
				987720281B43CFEF00EAA0AA /* main.m */,
			);
			name = "Supporting Files";
			sourceTree = "<group>";
		};
		987720391B43CFEF00EAA0AA /* OptionColtrollerTests */ = {
			isa = PBXGroup;
			children = (
				9877203C1B43CFEF00EAA0AA /* OptionColtrollerTests.m */,
				9877203A1B43CFEF00EAA0AA /* Supporting Files */,
			);
			path = OptionColtrollerTests;
			sourceTree = "<group>";
		};
		9877203A1B43CFEF00EAA0AA /* Supporting Files */ = {
			isa = PBXGroup;
			children = (
				9877203B1B43CFEF00EAA0AA /* Info.plist */,
			);
			name = "Supporting Files";
			sourceTree = "<group>";
		};
/* End PBXGroup section */

/* Begin PBXNativeTarget section */
		987720221B43CFEF00EAA0AA /* OptionColtroller */ = {
			isa = PBXNativeTarget;
			buildConfigurationList = 987720401B43CFEF00EAA0AA /* Build configuration list for PBXNativeTarget "OptionColtroller" */;
			buildPhases = (
				9877201F1B43CFEF00EAA0AA /* Sources */,
				987720201B43CFEF00EAA0AA /* Frameworks */,
				987720211B43CFEF00EAA0AA /* Resources */,
			);
			buildRules = (
			);
			dependencies = (
			);
			name = OptionColtroller;
			productName = OptionColtroller;
			productReference = 987720231B43CFEF00EAA0AA /* OptionColtroller.app */;
			productType = "com.apple.product-type.application";
		};
		987720351B43CFEF00EAA0AA /* OptionColtrollerTests */ = {
			isa = PBXNativeTarget;
			buildConfigurationList = 987720431B43CFEF00EAA0AA /* Build configuration list for PBXNativeTarget "OptionColtrollerTests" */;
			buildPhases = (
				987720321B43CFEF00EAA0AA /* Sources */,
				987720331B43CFEF00EAA0AA /* Frameworks */,
				987720341B43CFEF00EAA0AA /* Resources */,
			);
			buildRules = (
			);
			dependencies = (
				987720381B43CFEF00EAA0AA /* PBXTargetDependency */,
			);
			name = OptionColtrollerTests;
			productName = OptionColtrollerTests;
			productReference = 987720361B43CFEF00EAA0AA /* OptionColtrollerTests.xctest */;
			productType = "com.apple.product-type.bundle.unit-test";
		};
/* End PBXNativeTarget section */

/* Begin PBXProject section */
		9877201B1B43CFEF00EAA0AA /* Project object */ = {
			isa = PBXProject;
			attributes = {
				LastUpgradeCheck = 0630;
				ORGANIZATIONNAME = zm;
				TargetAttributes = {
					987720221B43CFEF00EAA0AA = {
						CreatedOnToolsVersion = 6.3.1;
					};
					987720351B43CFEF00EAA0AA = {
						CreatedOnToolsVersion = 6.3.1;
						TestTargetID = 987720221B43CFEF00EAA0AA;
					};
				};
			};
			buildConfigurationList = 9877201E1B43CFEF00EAA0AA /* Build configuration list for PBXProject "OptionColtroller" */;
			compatibilityVersion = "Xcode 3.2";
			developmentRegion = English;
			hasScannedForEncodings = 0;
			knownRegions = (
				en,
				Base,
			);
			mainGroup = 9877201A1B43CFEF00EAA0AA;
			productRefGroup = 987720241B43CFEF00EAA0AA /* Products */;
			projectDirPath = "";
			projectRoot = "";
			targets = (
				987720221B43CFEF00EAA0AA /* OptionColtroller */,
				987720351B43CFEF00EAA0AA /* OptionColtrollerTests */,
			);
		};
/* End PBXProject section */

/* Begin PBXResourcesBuildPhase section */
		987720211B43CFEF00EAA0AA /* Resources */ = {
			isa = PBXResourcesBuildPhase;
			buildActionMask = 2147483647;
			files = (
				987720311B43CFEF00EAA0AA /* LaunchScreen.xib in Resources */,
				9877202E1B43CFEF00EAA0AA /* Images.xcassets in Resources */,
			);
			runOnlyForDeploymentPostprocessing = 0;
		};
		987720341B43CFEF00EAA0AA /* Resources */ = {
			isa = PBXResourcesBuildPhase;
			buildActionMask = 2147483647;
			files = (
			);
			runOnlyForDeploymentPostprocessing = 0;
		};
/* End PBXResourcesBuildPhase section */

/* Begin PBXSourcesBuildPhase section */
		9877201F1B43CFEF00EAA0AA /* Sources */ = {
			isa = PBXSourcesBuildPhase;
			buildActionMask = 2147483647;
			files = (
				9877202C1B43CFEF00EAA0AA /* AppDelegate.m in Sources */,
				987720291B43CFEF00EAA0AA /* main.m in Sources */,
			);
			runOnlyForDeploymentPostprocessing = 0;
		};
		987720321B43CFEF00EAA0AA /* Sources */ = {
			isa = PBXSourcesBuildPhase;
			buildActionMask = 2147483647;
			files = (
				9877203D1B43CFEF00EAA0AA /* OptionColtrollerTests.m in Sources */,
			);
			runOnlyForDeploymentPostprocessing = 0;
		};
/* End PBXSourcesBuildPhase section */

/* Begin PBXTargetDependency section */
		987720381B43CFEF00EAA0AA /* PBXTargetDependency */ = {
			isa = PBXTargetDependency;
			target = 987720221B43CFEF00EAA0AA /* OptionColtroller */;
			targetProxy = 987720371B43CFEF00EAA0AA /* PBXContainerItemProxy */;
		};
/* End PBXTargetDependency section */

/* Begin PBXVariantGroup section */
		9877202F1B43CFEF00EAA0AA /* LaunchScreen.xib */ = {
			isa = PBXVariantGroup;
			children = (
				987720301B43CFEF00EAA0AA /* Base */,
			);
			name = LaunchScreen.xib;
			sourceTree = "<group>";
		};
/* End PBXVariantGroup section */

/* Begin XCBuildConfiguration section */
		9877203E1B43CFEF00EAA0AA /* Debug */ = {
			isa = XCBuildConfiguration;
			buildSettings = {
				ALWAYS_SEARCH_USER_PATHS = NO;
				CLANG_CXX_LANGUAGE_STANDARD = "gnu++0x";
				CLANG_CXX_LIBRARY = "libc++";
				CLANG_ENABLE_MODULES = YES;
				CLANG_ENABLE_OBJC_ARC = YES;
				CLANG_WARN_BOOL_CONVERSION = YES;
				CLANG_WARN_CONSTANT_CONVERSION = YES;
				CLANG_WARN_DIRECT_OBJC_ISA_USAGE = YES_ERROR;
				CLANG_WARN_EMPTY_BODY = YES;
				CLANG_WARN_ENUM_CONVERSION = YES;
				CLANG_WARN_INT_CONVERSION = YES;
				CLANG_WARN_OBJC_ROOT_CLASS = YES_ERROR;
				CLANG_WARN_UNREACHABLE_CODE = YES;
				CLANG_WARN__DUPLICATE_METHOD_MATCH = YES;
				"CODE_SIGN_IDENTITY[sdk=iphoneos*]" = "iPhone Developer";
				COPY_PHASE_STRIP = NO;
				DEBUG_INFORMATION_FORMAT = "dwarf-with-dsym";
				ENABLE_STRICT_OBJC_MSGSEND = YES;
				GCC_C_LANGUAGE_STANDARD = gnu99;
				GCC_DYNAMIC_NO_PIC = NO;
				GCC_NO_COMMON_BLOCKS = YES;
				GCC_OPTIMIZATION_LEVEL = 0;
				GCC_PREPROCESSOR_DEFINITIONS = (
					"DEBUG=1",
					"$(inherited)",
				);
				GCC_SYMBOLS_PRIVATE_EXTERN = NO;
				GCC_WARN_64_TO_32_BIT_CONVERSION = YES;
				GCC_WARN_ABOUT_RETURN_TYPE = YES_ERROR;
				GCC_WARN_UNDECLARED_SELECTOR = YES;
				GCC_WARN_UNINITIALIZED_AUTOS = YES_AGGRESSIVE;
				GCC_WARN_UNUSED_FUNCTION = YES;
				GCC_WARN_UNUSED_VARIABLE = YES;
				IPHONEOS_DEPLOYMENT_TARGET = 8.3;
				MTL_ENABLE_DEBUG_INFO = YES;
				ONLY_ACTIVE_ARCH = YES;
				SDKROOT = iphoneos;
				TARGETED_DEVICE_FAMILY = "1,2";
			};
			name = Debug;
		};
		9877203F1B43CFEF00EAA0AA /* Release */ = {
			isa = XCBuildConfiguration;
			buildSettings = {
				ALWAYS_SEARCH_USER_PATHS = NO;
				CLANG_CXX_LANGUAGE_STANDARD = "gnu++0x";
				CLANG_CXX_LIBRARY = "libc++";
				CLANG_ENABLE_MODULES = YES;
				CLANG_ENABLE_OBJC_ARC = YES;
				CLANG_WARN_BOOL_CONVERSION = YES;
				CLANG_WARN_CONSTANT_CONVERSION = YES;
				CLANG_WARN_DIRECT_OBJC_ISA_USAGE = YES_ERROR;
				CLANG_WARN_EMPTY_BODY = YES;
				CLANG_WARN_ENUM_CONVERSION = YES;
				CLANG_WARN_INT_CONVERSION = YES;
				CLANG_WARN_OBJC_ROOT_CLASS = YES_ERROR;
				CLANG_WARN_UNREACHABLE_CODE = YES;
				CLANG_WARN__DUPLICATE_METHOD_MATCH = YES;
				"CODE_SIGN_IDENTITY[sdk=iphoneos*]" = "iPhone Developer";
				COPY_PHASE_STRIP = NO;
				DEBUG_INFORMATION_FORMAT = "dwarf-with-dsym";
				ENABLE_NS_ASSERTIONS = NO;
				ENABLE_STRICT_OBJC_MSGSEND = YES;
				GCC_C_LANGUAGE_STANDARD = gnu99;
				GCC_NO_COMMON_BLOCKS = YES;
				GCC_WARN_64_TO_32_BIT_CONVERSION = YES;
				GCC_WARN_ABOUT_RETURN_TYPE = YES_ERROR;
				GCC_WARN_UNDECLARED_SELECTOR = YES;
				GCC_WARN_UNINITIALIZED_AUTOS = YES_AGGRESSIVE;
				GCC_WARN_UNUSED_FUNCTION = YES;
				GCC_WARN_UNUSED_VARIABLE = YES;
				IPHONEOS_DEPLOYMENT_TARGET = 8.3;
				MTL_ENABLE_DEBUG_INFO = NO;
				SDKROOT = iphoneos;
				TARGETED_DEVICE_FAMILY = "1,2";
				VALIDATE_PRODUCT = YES;
			};
			name = Release;
		};
		987720411B43CFEF00EAA0AA /* Debug */ = {
			isa = XCBuildConfiguration;
			buildSettings = {
				ASSETCATALOG_COMPILER_APPICON_NAME = AppIcon;
				INFOPLIST_FILE = OptionColtroller/Info.plist;
				LD_RUNPATH_SEARCH_PATHS = "$(inherited) @executable_path/Frameworks";
				PRODUCT_NAME = "$(TARGET_NAME)";
			};
			name = Debug;
		};
		987720421B43CFEF00EAA0AA /* Release */ = {
			isa = XCBuildConfiguration;
			buildSettings = {
				ASSETCATALOG_COMPILER_APPICON_NAME = AppIcon;
				INFOPLIST_FILE = OptionColtroller/Info.plist;
				LD_RUNPATH_SEARCH_PATHS = "$(inherited) @executable_path/Frameworks";
				PRODUCT_NAME = "$(TARGET_NAME)";
			};
			name = Release;
		};
		987720441B43CFEF00EAA0AA /* Debug */ = {
			isa = XCBuildConfiguration;
			buildSettings = {
				BUNDLE_LOADER = "$(TEST_HOST)";
				FRAMEWORK_SEARCH_PATHS = (
					"$(SDKROOT)/Developer/Library/Frameworks",
					"$(inherited)",
				);
				GCC_PREPROCESSOR_DEFINITIONS = (
					"DEBUG=1",
					"$(inherited)",
				);
				INFOPLIST_FILE = OptionColtrollerTests/Info.plist;
				LD_RUNPATH_SEARCH_PATHS = "$(inherited) @executable_path/Frameworks @loader_path/Frameworks";
				PRODUCT_NAME = "$(TARGET_NAME)";
				TEST_HOST = "$(BUILT_PRODUCTS_DIR)/OptionColtroller.app/OptionColtroller";
			};
			name = Debug;
		};
		987720451B43CFEF00EAA0AA /* Release */ = {
			isa = XCBuildConfiguration;
			buildSettings = {
				BUNDLE_LOADER = "$(TEST_HOST)";
				FRAMEWORK_SEARCH_PATHS = (
					"$(SDKROOT)/Developer/Library/Frameworks",
					"$(inherited)",
				);
				INFOPLIST_FILE = OptionColtrollerTests/Info.plist;
				LD_RUNPATH_SEARCH_PATHS = "$(inherited) @executable_path/Frameworks @loader_path/Frameworks";
				PRODUCT_NAME = "$(TARGET_NAME)";
				TEST_HOST = "$(BUILT_PRODUCTS_DIR)/OptionColtroller.app/OptionColtroller";
			};
			name = Release;
		};
/* End XCBuildConfiguration section */

/* Begin XCConfigurationList section */
		9877201E1B43CFEF00EAA0AA /* Build configuration list for PBXProject "OptionColtroller" */ = {
			isa = XCConfigurationList;
			buildConfigurations = (
				9877203E1B43CFEF00EAA0AA /* Debug */,
				9877203F1B43CFEF00EAA0AA /* Release */,
			);
			defaultConfigurationIsVisible = 0;
			defaultConfigurationName = Release;
		};
		987720401B43CFEF00EAA0AA /* Build configuration list for PBXNativeTarget "OptionColtroller" */ = {
			isa = XCConfigurationList;
			buildConfigurations = (
				987720411B43CFEF00EAA0AA /* Debug */,
				987720421B43CFEF00EAA0AA /* Release */,
			);
			defaultConfigurationIsVisible = 0;
		};
		987720431B43CFEF00EAA0AA /* Build configuration list for PBXNativeTarget "OptionColtrollerTests" */ = {
			isa = XCConfigurationList;
			buildConfigurations = (
				987720441B43CFEF00EAA0AA /* Debug */,
				987720451B43CFEF00EAA0AA /* Release */,
			);
			defaultConfigurationIsVisible = 0;
		};
/* End XCConfigurationList section */
	};
	rootObject = 9877201B1B43CFEF00EAA0AA /* Project object */;
}
